
Microsoft Visual Studio Solution File, Format Version 12.00
# Visual Studio Version 16
VisualStudioVersion = 16.0.33130.400
MinimumVisualStudioVersion = 10.0.40219.1
Project("{FAE04EC0-301F-11D3-BF4B-00C04F79EFBC}") = "WebApplicationkrushank", "WebApplicationkrushank.csproj", "{18C2DB7D-FAF1-456C-AB2F-04BB0F2BBF20}"
EndProject
Global
	GlobalSection(SolutionConfigurationPlatforms) = preSolution
		Debug|Any CPU = Debug|Any CPU
		Release|Any CPU = Release|Any CPU
	EndGlobalSection
	GlobalSection(ProjectConfigurationPlatforms) = postSolution
		{18C2DB7D-FAF1-456C-AB2F-04BB0F2BBF20}.Debug|Any CPU.ActiveCfg = Debug|Any CPU
		{18C2DB7D-FAF1-456C-AB2F-04BB0F2BBF20}.Debug|Any CPU.Build.0 = Debug|Any CPU
		{18C2DB7D-FAF1-456C-AB2F-04BB0F2BBF20}.Release|Any CPU.ActiveCfg = Release|Any CPU
		{18C2DB7D-FAF1-456C-AB2F-04BB0F2BBF20}.Release|Any CPU.Build.0 = Release|Any CPU
	EndGlobalSection
	GlobalSection(SolutionProperties) = preSolution
		HideSolutionNode = FALSE
	EndGlobalSection
	GlobalSection(ExtensibilityGlobals) = postSolution
		SolutionGuid = {926BB415-4428-4E2A-83F9-9CBBDE310F38}
	EndGlobalSection
EndGlobal
